{
  "name": "AES",
  "lockfileVersion": 2,
  "requires": true,
  "packages": {
    "": {
      "dependencies": {
        "cryptico": "^1.0.2"
      }
    },
    "node_modules/cryptico": {
      "version": "1.0.2",
      "resolved": "https://registry.npmjs.org/cryptico/-/cryptico-1.0.2.tgz",
      "integrity": "sha1-sTENaCcMnc9Q3tVK4TRFrytkBxs="
    }
  },
  "dependencies": {
    "cryptico": {
      "version": "1.0.2",
      "resolved": "https://registry.npmjs.org/cryptico/-/cryptico-1.0.2.tgz",
      "integrity": "sha1-sTENaCcMnc9Q3tVK4TRFrytkBxs="
    }
  }
}
